{
  "version": 4,
  "terraform_version": "1.15.1",
  "serial": 4,
  "lineage": "8fc44aa6-5af8-24b5-7b87-acbd5f441065",
  "outputs": {
    "config_path": {
      "value": "./output/config.env",
      "type": "string"
    },
    "log_path": {
      "value": "./output/init.log",
      "type": "string"
    },
    "readme_path": {
      "value": "./output/README.md",
      "type": "string"
    }
  },
  "resources": [
    {
      "module": "module.config",
      "mode": "managed",
      "type": "local_file",
      "name": "this",
      "provider": "provider[\"registry.terraform.io/hashicorp/local\"]",
      "instances": [
        {
          "schema_version": 0,
          "attributes": {
            "content": "Project - my local project\nAuthor: devops learner\nEnv: development",
            "content_base64": null,
            "content_base64sha256": "XCLOsbL/Htd7g1WXtwzjUkgCU47D/iVvOlTP43WNVdw=",
            "content_base64sha512": "t72sLx8ZHzd86K33jj/1TtC0i7r8v6/FYoDdsaBQc6fcZaTMYYiqjsuqiwC+AfDOrU1AaLDoLG+lZLP+jUjVXw==",
            "content_md5": "a20228ee05484ed6c8a853242fc839b6",
            "content_sha1": "4456fd0071f143353c73162677d4dc06c4c88f60",
            "content_sha256": "5c22ceb1b2ff1ed77b835597b70ce3524802538ec3fe256f3a54cfe3758d55dc",
            "content_sha512": "b7bdac2f1f191f377ce8adf78e3ff54ed0b48bbafcbfafc56280ddb1a05073a7dc65a4cc6188aa8ecbaa8b00be01f0cead4d4068b0e82c6fa564b3fe8d48d55f",
            "directory_permission": "0777",
            "file_permission": "0777",
            "filename": "./output/config.env",
            "id": "4456fd0071f143353c73162677d4dc06c4c88f60",
            "sensitive_content": null,
            "source": null
          },
          "sensitive_attributes": [
            [
              {
                "type": "get_attr",
                "value": "sensitive_content"
              }
            ]
          ],
          "identity_schema_version": 0
        }
      ]
    },
    {
      "module": "module.log",
      "mode": "managed",
      "type": "local_file",
      "name": "this",
      "provider": "provider[\"registry.terraform.io/hashicorp/local\"]",
      "instances": [
        {
          "schema_version": 0,
          "attributes": {
            "content": "Project Initialised on my local project\nAuthor: devops learner\nEnv: development",
            "content_base64": null,
            "content_base64sha256": "w8mY/KA94xSRJSryDffItdoCaKawBhg6af+SpYA8jIU=",
            "content_base64sha512": "LTCYgxMFPsw/TveZtL7QnHsuHw0J9AV8cYWuZpNr6sFC4lmYdMV3Z7Xxm/afjpPESAZr6wVEQbFQQC+1UClDpg==",
            "content_md5": "916e2fcbb76169888f7ce5321805937e",
            "content_sha1": "8d6c8d73021423ea159aa66d15aa87130c3b6b89",
            "content_sha256": "c3c998fca03de31491252af20df7c8b5da0268a6b006183a69ff92a5803c8c85",
            "content_sha512": "2d30988313053ecc3f4ef799b4bed09c7b2e1f0d09f4057c7185ae66936beac142e2599874c57767b5f19bf69f8e93c448066beb054441b150402fb5502943a6",
            "directory_permission": "0777",
            "file_permission": "0777",
            "filename": "./output/init.log",
            "id": "8d6c8d73021423ea159aa66d15aa87130c3b6b89",
            "sensitive_content": null,
            "source": null
          },
          "sensitive_attributes": [
            [
              {
                "type": "get_attr",
                "value": "sensitive_content"
              }
            ]
          ],
          "identity_schema_version": 0
        }
      ]
    },
    {
      "module": "module.readme",
      "mode": "managed",
      "type": "local_file",
      "name": "this",
      "provider": "provider[\"registry.terraform.io/hashicorp/local\"]",
      "instances": [
        {
          "schema_version": 0,
          "attributes": {
            "content": "# my local project\nAuthor: devops learner\nEnv: development",
            "content_base64": null,
            "content_base64sha256": "hZrIrZUrgxFX23faXgHKryPjuZFd5vuCEOW7UB1+VTs=",
            "content_base64sha512": "ZqpI60/pzCbdON5HfDxKBYPanZXPrc7ew4DyWJuWFmxCKEakMvbPYUx168RndlXYuplxf4FwjbBC7jEav7GIzQ==",
            "content_md5": "51d2eb04bbc8c18d63859a11b4162210",
            "content_sha1": "89dc26ffa890fea549cc1174c4df72319829b6bf",
            "content_sha256": "859ac8ad952b831157db77da5e01caaf23e3b9915de6fb8210e5bb501d7e553b",
            "content_sha512": "66aa48eb4fe9cc26dd38de477c3c4a0583da9d95cfadcedec380f2589b96166c422846a432f6cf614c75ebc4677655d8ba99717f81708db042ee311abfb188cd",
            "directory_permission": "0777",
            "file_permission": "0777",
            "filename": "./output/README.md",
            "id": "89dc26ffa890fea549cc1174c4df72319829b6bf",
            "sensitive_content": null,
            "source": null
          },
          "sensitive_attributes": [
            [
              {
                "type": "get_attr",
                "value": "sensitive_content"
              }
            ]
          ],
          "identity_schema_version": 0
        }
      ]
    }
  ],
  "check_results": null
}
